// !$*UTF8*$!
{
	archiveVersion = 1;
	classes = {
	};
	objectVersion = 46;
	objects = {

/* Begin PBXBuildFile section */
		340F95C81EA5CDB200389DF5 /* FeedViewController.swift in Sources */ = {isa = PBXBuildFile; fileRef = 340F95C71EA5CDB200389DF5 /* FeedViewController.swift */; };
		343269D61EA5AA2800C923A4 /* LoginViewController.swift in Sources */ = {isa = PBXBuildFile; fileRef = 343269D51EA5AA2800C923A4 /* LoginViewController.swift */; };
		345CC4721E669AE2005F67A7 /* AppDelegate.swift in Sources */ = {isa = PBXBuildFile; fileRef = 345CC4711E669AE2005F67A7 /* AppDelegate.swift */; };
		345CC4741E669AE2005F67A7 /* ViewController.swift in Sources */ = {isa = PBXBuildFile; fileRef = 345CC4731E669AE2005F67A7 /* ViewController.swift */; };
		345CC4771E669AE2005F67A7 /* Main.storyboard in Resources */ = {isa = PBXBuildFile; fileRef = 345CC4751E669AE2005F67A7 /* Main.storyboard */; };
		345CC4791E669AE2005F67A7 /* Assets.xcassets in Resources */ = {isa = PBXBuildFile; fileRef = 345CC4781E669AE2005F67A7 /* Assets.xcassets */; };
		345CC47C1E669AE2005F67A7 /* LaunchScreen.storyboard in Resources */ = {isa = PBXBuildFile; fileRef = 345CC47A1E669AE2005F67A7 /* LaunchScreen.storyboard */; };
		FEB689E220CAC4C2B3756F9E /* Pods_gathr.framework in Frameworks */ = {isa = PBXBuildFile; fileRef = BA51236DCF6E80677E00AEEB /* Pods_gathr.framework */; };
/* End PBXBuildFile section */

/* Begin PBXFileReference section */
		06D677330C5751708274F8E8 /* Pods-gathr.release.xcconfig */ = {isa = PBXFileReference; includeInIndex = 1; lastKnownFileType = text.xcconfig; name = "Pods-gathr.release.xcconfig"; path = "Pods/Target Support Files/Pods-gathr/Pods-gathr.release.xcconfig"; sourceTree = "<group>"; };
		340F95C71EA5CDB200389DF5 /* FeedViewController.swift */ = {isa = PBXFileReference; fileEncoding = 4; lastKnownFileType = sourcecode.swift; path = FeedViewController.swift; sourceTree = "<group>"; };
		343269D51EA5AA2800C923A4 /* LoginViewController.swift */ = {isa = PBXFileReference; fileEncoding = 4; lastKnownFileType = sourcecode.swift; path = LoginViewController.swift; sourceTree = "<group>"; };
		345CC46E1E669AE2005F67A7 /* gathr.app */ = {isa = PBXFileReference; explicitFileType = wrapper.application; includeInIndex = 0; path = gathr.app; sourceTree = BUILT_PRODUCTS_DIR; };
		345CC4711E669AE2005F67A7 /* AppDelegate.swift */ = {isa = PBXFileReference; lastKnownFileType = sourcecode.swift; path = AppDelegate.swift; sourceTree = "<group>"; };
		345CC4731E669AE2005F67A7 /* ViewController.swift */ = {isa = PBXFileReference; lastKnownFileType = sourcecode.swift; path = ViewController.swift; sourceTree = "<group>"; };
		345CC4761E669AE2005F67A7 /* Base */ = {isa = PBXFileReference; lastKnownFileType = file.storyboard; name = Base; path = Base.lproj/Main.storyboard; sourceTree = "<group>"; };
		345CC4781E669AE2005F67A7 /* Assets.xcassets */ = {isa = PBXFileReference; lastKnownFileType = folder.assetcatalog; path = Assets.xcassets; sourceTree = "<group>"; };
		345CC47B1E669AE2005F67A7 /* Base */ = {isa = PBXFileReference; lastKnownFileType = file.storyboard; name = Base; path = Base.lproj/LaunchScreen.storyboard; sourceTree = "<group>"; };
		345CC47D1E669AE2005F67A7 /* Info.plist */ = {isa = PBXFileReference; lastKnownFileType = text.plist.xml; path = Info.plist; sourceTree = "<group>"; };
		95CB51D021597B48B683F0FF /* Pods-gathr.debug.xcconfig */ = {isa = PBXFileReference; includeInIndex = 1; lastKnownFileType = text.xcconfig; name = "Pods-gathr.debug.xcconfig"; path = "Pods/Target Support Files/Pods-gathr/Pods-gathr.debug.xcconfig"; sourceTree = "<group>"; };
		BA51236DCF6E80677E00AEEB /* Pods_gathr.framework */ = {isa = PBXFileReference; explicitFileType = wrapper.framework; includeInIndex = 0; path = Pods_gathr.framework; sourceTree = BUILT_PRODUCTS_DIR; };
/* End PBXFileReference section */

/* Begin PBXFrameworksBuildPhase section */
		345CC46B1E669AE2005F67A7 /* Frameworks */ = {
			isa = PBXFrameworksBuildPhase;
			buildActionMask = 2147483647;
			files = (
				FEB689E220CAC4C2B3756F9E /* Pods_gathr.framework in Frameworks */,
			);
			runOnlyForDeploymentPostprocessing = 0;
		};
/* End PBXFrameworksBuildPhase section */

/* Begin PBXGroup section */
		0770ED3999E4F1E8B5FDE24C /* Frameworks */ = {
			isa = PBXGroup;
			children = (
				BA51236DCF6E80677E00AEEB /* Pods_gathr.framework */,
			);
			name = Frameworks;
			sourceTree = "<group>";
		};
		343269D41EA5AA1200C923A4 /* Controllers */ = {
			isa = PBXGroup;
			children = (
				343269D51EA5AA2800C923A4 /* LoginViewController.swift */,
				340F95C71EA5CDB200389DF5 /* FeedViewController.swift */,
			);
			name = Controllers;
			sourceTree = "<group>";
		};
		343269D71EA5AAC000C923A4 /* Models */ = {
			isa = PBXGroup;
			children = (
			);
			name = Models;
			sourceTree = "<group>";
		};
		345CC4651E669AE2005F67A7 = {
			isa = PBXGroup;
			children = (
				345CC4701E669AE2005F67A7 /* gathr */,
				345CC46F1E669AE2005F67A7 /* Products */,
				47EA668BE069601C93F4EDA9 /* Pods */,
				0770ED3999E4F1E8B5FDE24C /* Frameworks */,
			);
			sourceTree = "<group>";
		};
		345CC46F1E669AE2005F67A7 /* Products */ = {
			isa = PBXGroup;
			children = (
				345CC46E1E669AE2005F67A7 /* gathr.app */,
			);
			name = Products;
			sourceTree = "<group>";
		};
		345CC4701E669AE2005F67A7 /* gathr */ = {
			isa = PBXGroup;
			children = (
				343269D71EA5AAC000C923A4 /* Models */,
				343269D41EA5AA1200C923A4 /* Controllers */,
				345CC4711E669AE2005F67A7 /* AppDelegate.swift */,
				345CC4731E669AE2005F67A7 /* ViewController.swift */,
				345CC4751E669AE2005F67A7 /* Main.storyboard */,
				345CC4781E669AE2005F67A7 /* Assets.xcassets */,
				345CC47A1E669AE2005F67A7 /* LaunchScreen.storyboard */,
				345CC47D1E669AE2005F67A7 /* Info.plist */,
			);
			path = gathr;
			sourceTree = "<group>";
		};
		47EA668BE069601C93F4EDA9 /* Pods */ = {
			isa = PBXGroup;
			children = (
				95CB51D021597B48B683F0FF /* Pods-gathr.debug.xcconfig */,
				06D677330C5751708274F8E8 /* Pods-gathr.release.xcconfig */,
			);
			name = Pods;
			sourceTree = "<group>";
		};
/* End PBXGroup section */

/* Begin PBXNativeTarget section */
		345CC46D1E669AE2005F67A7 /* gathr */ = {
			isa = PBXNativeTarget;
			buildConfigurationList = 345CC4801E669AE2005F67A7 /* Build configuration list for PBXNativeTarget "gathr" */;
			buildPhases = (
				724A72790E3B7E78F0A76D78 /* [CP] Check Pods Manifest.lock */,
				345CC46A1E669AE2005F67A7 /* Sources */,
				345CC46B1E669AE2005F67A7 /* Frameworks */,
				345CC46C1E669AE2005F67A7 /* Resources */,
				615CCFA93C4C3194200CD195 /* [CP] Embed Pods Frameworks */,
				B61050EDD3452E80E2FD3A29 /* [CP] Copy Pods Resources */,
			);
			buildRules = (
			);
			dependencies = (
			);
			name = gathr;
			productName = gathr;
			productReference = 345CC46E1E669AE2005F67A7 /* gathr.app */;
			productType = "com.apple.product-type.application";
		};
/* End PBXNativeTarget section */

/* Begin PBXProject section */
		345CC4661E669AE2005F67A7 /* Project object */ = {
			isa = PBXProject;
			attributes = {
				LastSwiftUpdateCheck = 0800;
				LastUpgradeCheck = 0800;
				ORGANIZATIONNAME = "Gates Zeng";
				TargetAttributes = {
					345CC46D1E669AE2005F67A7 = {
						CreatedOnToolsVersion = 8.0;
						ProvisioningStyle = Automatic;
					};
				};
			};
			buildConfigurationList = 345CC4691E669AE2005F67A7 /* Build configuration list for PBXProject "gathr" */;
			compatibilityVersion = "Xcode 3.2";
			developmentRegion = English;
			hasScannedForEncodings = 0;
			knownRegions = (
				en,
				Base,
			);
			mainGroup = 345CC4651E669AE2005F67A7;
			productRefGroup = 345CC46F1E669AE2005F67A7 /* Products */;
			projectDirPath = "";
			projectRoot = "";
			targets = (
				345CC46D1E669AE2005F67A7 /* gathr */,
			);
		};
/* End PBXProject section */

/* Begin PBXResourcesBuildPhase section */
		345CC46C1E669AE2005F67A7 /* Resources */ = {
			isa = PBXResourcesBuildPhase;
			buildActionMask = 2147483647;
			files = (
				345CC47C1E669AE2005F67A7 /* LaunchScreen.storyboard in Resources */,
				345CC4791E669AE2005F67A7 /* Assets.xcassets in Resources */,
				345CC4771E669AE2005F67A7 /* Main.storyboard in Resources */,
			);
			runOnlyForDeploymentPostprocessing = 0;
		};
/* End PBXResourcesBuildPhase section */

/* Begin PBXShellScriptBuildPhase section */
		615CCFA93C4C3194200CD195 /* [CP] Embed Pods Frameworks */ = {
			isa = PBXShellScriptBuildPhase;
			buildActionMask = 2147483647;
			files = (
			);
			inputPaths = (
			);
			name = "[CP] Embed Pods Frameworks";
			outputPaths = (
			);
			runOnlyForDeploymentPostprocessing = 0;
			shellPath = /bin/sh;
			shellScript = "\"${SRCROOT}/Pods/Target Support Files/Pods-gathr/Pods-gathr-frameworks.sh\"\n";
			showEnvVarsInLog = 0;
		};
		724A72790E3B7E78F0A76D78 /* [CP] Check Pods Manifest.lock */ = {
			isa = PBXShellScriptBuildPhase;
			buildActionMask = 2147483647;
			files = (
			);
			inputPaths = (
			);
			name = "[CP] Check Pods Manifest.lock";
			outputPaths = (
			);
			runOnlyForDeploymentPostprocessing = 0;
			shellPath = /bin/sh;
			shellScript = "diff \"${PODS_PODFILE_DIR_PATH}/Podfile.lock\" \"${PODS_ROOT}/Manifest.lock\" > /dev/null\nif [ $? != 0 ] ; then\n    # print error to STDERR\n    echo \"error: The sandbox is not in sync with the Podfile.lock. Run 'pod install' or update your CocoaPods installation.\" >&2\n    exit 1\nfi\n";
			showEnvVarsInLog = 0;
		};
		B61050EDD3452E80E2FD3A29 /* [CP] Copy Pods Resources */ = {
			isa = PBXShellScriptBuildPhase;
			buildActionMask = 2147483647;
			files = (
			);
			inputPaths = (
			);
			name = "[CP] Copy Pods Resources";
			outputPaths = (
			);
			runOnlyForDeploymentPostprocessing = 0;
			shellPath = /bin/sh;
			shellScript = "\"${SRCROOT}/Pods/Target Support Files/Pods-gathr/Pods-gathr-resources.sh\"\n";
			showEnvVarsInLog = 0;
		};
/* End PBXShellScriptBuildPhase section */

/* Begin PBXSourcesBuildPhase section */
		345CC46A1E669AE2005F67A7 /* Sources */ = {
			isa = PBXSourcesBuildPhase;
			buildActionMask = 2147483647;
			files = (
				343269D61EA5AA2800C923A4 /* LoginViewController.swift in Sources */,
				345CC4741E669AE2005F67A7 /* ViewController.swift in Sources */,
				340F95C81EA5CDB200389DF5 /* FeedViewController.swift in Sources */,
				345CC4721E669AE2005F67A7 /* AppDelegate.swift in Sources */,
			);
			runOnlyForDeploymentPostprocessing = 0;
		};
/* End PBXSourcesBuildPhase section */

/* Begin PBXVariantGroup section */
		345CC4751E669AE2005F67A7 /* Main.storyboard */ = {
			isa = PBXVariantGroup;
			children = (
				345CC4761E669AE2005F67A7 /* Base */,
			);
			name = Main.storyboard;
			sourceTree = "<group>";
		};
		345CC47A1E669AE2005F67A7 /* LaunchScreen.storyboard */ = {
			isa = PBXVariantGroup;
			children = (
				345CC47B1E669AE2005F67A7 /* Base */,
			);
			name = LaunchScreen.storyboard;
			sourceTree = "<group>";
		};
/* End PBXVariantGroup section */

/* Begin XCBuildConfiguration section */
		345CC47E1E669AE2005F67A7 /* Debug */ = {
			isa = XCBuildConfiguration;
			buildSettings = {
				ALWAYS_SEARCH_USER_PATHS = NO;
				CLANG_ANALYZER_NONNULL = YES;
				CLANG_CXX_LANGUAGE_STANDARD = "gnu++0x";
				CLANG_CXX_LIBRARY = "libc++";
				CLANG_ENABLE_MODULES = YES;
				CLANG_ENABLE_OBJC_ARC = YES;
				CLANG_WARN_BOOL_CONVERSION = YES;
				CLANG_WARN_CONSTANT_CONVERSION = YES;
				CLANG_WARN_DIRECT_OBJC_ISA_USAGE = YES_ERROR;
				CLANG_WARN_DOCUMENTATION_COMMENTS = YES;
				CLANG_WARN_EMPTY_BODY = YES;
				CLANG_WARN_ENUM_CONVERSION = YES;
				CLANG_WARN_INFINITE_RECURSION = YES;
				CLANG_WARN_INT_CONVERSION = YES;
				CLANG_WARN_OBJC_ROOT_CLASS = YES_ERROR;
				CLANG_WARN_SUSPICIOUS_MOVES = YES;
				CLANG_WARN_UNREACHABLE_CODE = YES;
				CLANG_WARN__DUPLICATE_METHOD_MATCH = YES;
				"CODE_SIGN_IDENTITY[sdk=iphoneos*]" = "iPhone Developer";
				COPY_PHASE_STRIP = NO;
				DEBUG_INFORMATION_FORMAT = dwarf;
				ENABLE_STRICT_OBJC_MSGSEND = YES;
				ENABLE_TESTABILITY = YES;
				GCC_C_LANGUAGE_STANDARD = gnu99;
				GCC_DYNAMIC_NO_PIC = NO;
				GCC_NO_COMMON_BLOCKS = YES;
				GCC_OPTIMIZATION_LEVEL = 0;
				GCC_PREPROCESSOR_DEFINITIONS = (
					"DEBUG=1",
					"$(inherited)",
				);
				GCC_WARN_64_TO_32_BIT_CONVERSION = YES;
				GCC_WARN_ABOUT_RETURN_TYPE = YES_ERROR;
				GCC_WARN_UNDECLARED_SELECTOR = YES;
				GCC_WARN_UNINITIALIZED_AUTOS = YES_AGGRESSIVE;
				GCC_WARN_UNUSED_FUNCTION = YES;
				GCC_WARN_UNUSED_VARIABLE = YES;
				IPHONEOS_DEPLOYMENT_TARGET = 10.0;
				MTL_ENABLE_DEBUG_INFO = YES;
				ONLY_ACTIVE_ARCH = YES;
				SDKROOT = iphoneos;
				SWIFT_ACTIVE_COMPILATION_CONDITIONS = DEBUG;
				SWIFT_OPTIMIZATION_LEVEL = "-Onone";
				TARGETED_DEVICE_FAMILY = "1,2";
			};
			name = Debug;
		};
		345CC47F1E669AE2005F67A7 /* Release */ = {
			isa = XCBuildConfiguration;
			buildSettings = {
				ALWAYS_SEARCH_USER_PATHS = NO;
				CLANG_ANALYZER_NONNULL = YES;
				CLANG_CXX_LANGUAGE_STANDARD = "gnu++0x";
				CLANG_CXX_LIBRARY = "libc++";
				CLANG_ENABLE_MODULES = YES;
				CLANG_ENABLE_OBJC_ARC = YES;
				CLANG_WARN_BOOL_CONVERSION = YES;
				CLANG_WARN_CONSTANT_CONVERSION = YES;
				CLANG_WARN_DIRECT_OBJC_ISA_USAGE = YES_ERROR;
				CLANG_WARN_DOCUMENTATION_COMMENTS = YES;
				CLANG_WARN_EMPTY_BODY = YES;
				CLANG_WARN_ENUM_CONVERSION = YES;
				CLANG_WARN_INFINITE_RECURSION = YES;
				CLANG_WARN_INT_CONVERSION = YES;
				CLANG_WARN_OBJC_ROOT_CLASS = YES_ERROR;
				CLANG_WARN_SUSPICIOUS_MOVES = YES;
				CLANG_WARN_UNREACHABLE_CODE = YES;
				CLANG_WARN__DUPLICATE_METHOD_MATCH = YES;
				"CODE_SIGN_IDENTITY[sdk=iphoneos*]" = "iPhone Developer";
				COPY_PHASE_STRIP = NO;
				DEBUG_INFORMATION_FORMAT = "dwarf-with-dsym";
				ENABLE_NS_ASSERTIONS = NO;
				ENABLE_STRICT_OBJC_MSGSEND = YES;
				GCC_C_LANGUAGE_STANDARD = gnu99;
				GCC_NO_COMMON_BLOCKS = YES;
				GCC_WARN_64_TO_32_BIT_CONVERSION = YES;
				GCC_WARN_ABOUT_RETURN_TYPE = YES_ERROR;
				GCC_WARN_UNDECLARED_SELECTOR = YES;
				GCC_WARN_UNINITIALIZED_AUTOS = YES_AGGRESSIVE;
				GCC_WARN_UNUSED_FUNCTION = YES;
				GCC_WARN_UNUSED_VARIABLE = YES;
				IPHONEOS_DEPLOYMENT_TARGET = 10.0;
				MTL_ENABLE_DEBUG_INFO = NO;
				SDKROOT = iphoneos;
				SWIFT_OPTIMIZATION_LEVEL = "-Owholemodule";
				TARGETED_DEVICE_FAMILY = "1,2";
				VALIDATE_PRODUCT = YES;
			};
			name = Release;
		};
		345CC4811E669AE2005F67A7 /* Debug */ = {
			isa = XCBuildConfiguration;
			baseConfigurationReference = 95CB51D021597B48B683F0FF /* Pods-gathr.debug.xcconfig */;
			buildSettings = {
				ASSETCATALOG_COMPILER_APPICON_NAME = AppIcon;
				INFOPLIST_FILE = gathr/Info.plist;
				LD_RUNPATH_SEARCH_PATHS = "$(inherited) @executable_path/Frameworks";
				PRODUCT_BUNDLE_IDENTIFIER = com.gateszeng.gathr;
				PRODUCT_NAME = "$(TARGET_NAME)";
				SWIFT_VERSION = 3.0;
			};
			name = Debug;
		};
		345CC4821E669AE2005F67A7 /* Release */ = {
			isa = XCBuildConfiguration;
			baseConfigurationReference = 06D677330C5751708274F8E8 /* Pods-gathr.release.xcconfig */;
			buildSettings = {
				ASSETCATALOG_COMPILER_APPICON_NAME = AppIcon;
				INFOPLIST_FILE = gathr/Info.plist;
				LD_RUNPATH_SEARCH_PATHS = "$(inherited) @executable_path/Frameworks";
				PRODUCT_BUNDLE_IDENTIFIER = com.gateszeng.gathr;
				PRODUCT_NAME = "$(TARGET_NAME)";
				SWIFT_VERSION = 3.0;
			};
			name = Release;
		};
/* End XCBuildConfiguration section */

/* Begin XCConfigurationList section */
		345CC4691E669AE2005F67A7 /* Build configuration list for PBXProject "gathr" */ = {
			isa = XCConfigurationList;
			buildConfigurations = (
				345CC47E1E669AE2005F67A7 /* Debug */,
				345CC47F1E669AE2005F67A7 /* Release */,
			);
			defaultConfigurationIsVisible = 0;
			defaultConfigurationName = Release;
		};
		345CC4801E669AE2005F67A7 /* Build configuration list for PBXNativeTarget "gathr" */ = {
			isa = XCConfigurationList;
			buildConfigurations = (
				345CC4811E669AE2005F67A7 /* Debug */,
				345CC4821E669AE2005F67A7 /* Release */,
			);
			defaultConfigurationIsVisible = 0;
			defaultConfigurationName = Release;
		};
/* End XCConfigurationList section */
	};
	rootObject = 345CC4661E669AE2005F67A7 /* Project object */;
}
